
Microsoft Visual Studio Solution File, Format Version 12.00
# Visual Studio Version 16
VisualStudioVersion = 16.0.32802.440
MinimumVisualStudioVersion = 10.0.40219.1
Project("{FAE04EC0-301F-11D3-BF4B-00C04F79EFBC}") = "8project", "8project\8project.csproj", "{F89EB85E-CB23-49C2-B269-12E75CA242BA}"
EndProject
Global
	GlobalSection(SolutionConfigurationPlatforms) = preSolution
		Debug|Any CPU = Debug|Any CPU
		Release|Any CPU = Release|Any CPU
	EndGlobalSection
	GlobalSection(ProjectConfigurationPlatforms) = postSolution
		{F89EB85E-CB23-49C2-B269-12E75CA242BA}.Debug|Any CPU.ActiveCfg = Debug|Any CPU
		{F89EB85E-CB23-49C2-B269-12E75CA242BA}.Debug|Any CPU.Build.0 = Debug|Any CPU
		{F89EB85E-CB23-49C2-B269-12E75CA242BA}.Release|Any CPU.ActiveCfg = Release|Any CPU
		{F89EB85E-CB23-49C2-B269-12E75CA242BA}.Release|Any CPU.Build.0 = Release|Any CPU
	EndGlobalSection
	GlobalSection(SolutionProperties) = preSolution
		HideSolutionNode = FALSE
	EndGlobalSection
	GlobalSection(ExtensibilityGlobals) = postSolution
		SolutionGuid = {BF4DFD53-08F3-4311-B70A-522AD24590EA}
	EndGlobalSection
EndGlobal
